
Microsoft Visual Studio Solution File, Format Version 12.00
# Visual Studio Version 17
VisualStudioVersion = 17.10.34928.147
MinimumVisualStudioVersion = 10.0.40219.1
Project("{FAE04EC0-301F-11D3-BF4B-00C04F79EFBC}") = "Dice Game", "Dice Game\Dice Game.csproj", "{AFD5F165-6477-4964-A4F5-311DC7E8E78A}"
EndProject
Project("{FAE04EC0-301F-11D3-BF4B-00C04F79EFBC}") = "DemoProject", "DemoProject\DemoProject.csproj", "{7EF82B91-A9CD-4AE4-8ADF-3F72903B0AE6}"
EndProject
Global
	GlobalSection(SolutionConfigurationPlatforms) = preSolution
		Debug|Any CPU = Debug|Any CPU
		Release|Any CPU = Release|Any CPU
	EndGlobalSection
	GlobalSection(ProjectConfigurationPlatforms) = postSolution
		{AFD5F165-6477-4964-A4F5-311DC7E8E78A}.Debug|Any CPU.ActiveCfg = Debug|Any CPU
		{AFD5F165-6477-4964-A4F5-311DC7E8E78A}.Debug|Any CPU.Build.0 = Debug|Any CPU
		{AFD5F165-6477-4964-A4F5-311DC7E8E78A}.Release|Any CPU.ActiveCfg = Release|Any CPU
		{AFD5F165-6477-4964-A4F5-311DC7E8E78A}.Release|Any CPU.Build.0 = Release|Any CPU
		{7EF82B91-A9CD-4AE4-8ADF-3F72903B0AE6}.Debug|Any CPU.ActiveCfg = Debug|Any CPU
		{7EF82B91-A9CD-4AE4-8ADF-3F72903B0AE6}.Debug|Any CPU.Build.0 = Debug|Any CPU
		{7EF82B91-A9CD-4AE4-8ADF-3F72903B0AE6}.Release|Any CPU.ActiveCfg = Release|Any CPU
		{7EF82B91-A9CD-4AE4-8ADF-3F72903B0AE6}.Release|Any CPU.Build.0 = Release|Any CPU
	EndGlobalSection
	GlobalSection(SolutionProperties) = preSolution
		HideSolutionNode = FALSE
	EndGlobalSection
	GlobalSection(ExtensibilityGlobals) = postSolution
		SolutionGuid = {C2EC0E98-C4F9-4EEE-AB78-24A7B567CCF9}
	EndGlobalSection
EndGlobal
